
Microsoft Visual Studio Solution File, Format Version 12.00
# Visual Studio 15
VisualStudioVersion = 15.0.28010.2016
MinimumVisualStudioVersion = 10.0.40219.1
Project("{FAE04EC0-301F-11D3-BF4B-00C04F79EFBC}") = "MediaPlayer-01", "MediaPlayer-01\MediaPlayer-01.csproj", "{1F382335-A195-4DFC-85A9-ED78C48E6979}"
EndProject
Global
	GlobalSection(SolutionConfigurationPlatforms) = preSolution
		Debug|Any CPU = Debug|Any CPU
		Release|Any CPU = Release|Any CPU
	EndGlobalSection
	GlobalSection(ProjectConfigurationPlatforms) = postSolution
		{1F382335-A195-4DFC-85A9-ED78C48E6979}.Debug|Any CPU.ActiveCfg = Debug|Any CPU
		{1F382335-A195-4DFC-85A9-ED78C48E6979}.Debug|Any CPU.Build.0 = Debug|Any CPU
		{1F382335-A195-4DFC-85A9-ED78C48E6979}.Release|Any CPU.ActiveCfg = Release|Any CPU
		{1F382335-A195-4DFC-85A9-ED78C48E6979}.Release|Any CPU.Build.0 = Release|Any CPU
	EndGlobalSection
	GlobalSection(SolutionProperties) = preSolution
		HideSolutionNode = FALSE
	EndGlobalSection
	GlobalSection(ExtensibilityGlobals) = postSolution
		SolutionGuid = {61BB68DF-269B-4B34-9C0C-0E15672A5587}
	EndGlobalSection
EndGlobal
